// !$*UTF8*$!
{
	archiveVersion = 1;
	classes = {
	};
	objectVersion = 50;
	objects = {

/* Begin PBXBuildFile section */
		4A2E6C3F20E7FFB0001F404B /* AppDelegate.swift in Sources */ = {isa = PBXBuildFile; fileRef = 4A2E6C3E20E7FFB0001F404B /* AppDelegate.swift */; };
		4A2E6C4120E7FFB0001F404B /* ViewController.swift in Sources */ = {isa = PBXBuildFile; fileRef = 4A2E6C4020E7FFB0001F404B /* ViewController.swift */; };
		4A2E6C4620E7FFB2001F404B /* Assets.xcassets in Resources */ = {isa = PBXBuildFile; fileRef = 4A2E6C4520E7FFB2001F404B /* Assets.xcassets */; };
		4A2E6C4920E7FFB2001F404B /* LaunchScreen.storyboard in Resources */ = {isa = PBXBuildFile; fileRef = 4A2E6C4720E7FFB2001F404B /* LaunchScreen.storyboard */; };
		4A2E6C5420E7FFB2001F404B /* CansappTests.swift in Sources */ = {isa = PBXBuildFile; fileRef = 4A2E6C5320E7FFB2001F404B /* CansappTests.swift */; };
		4A2E6C5F20E7FFB2001F404B /* CansappUITests.swift in Sources */ = {isa = PBXBuildFile; fileRef = 4A2E6C5E20E7FFB2001F404B /* CansappUITests.swift */; };
		4FE8BC1520EF134E009BA2BB /* MissionViewController.swift in Sources */ = {isa = PBXBuildFile; fileRef = 4FE8BC1420EF134E009BA2BB /* MissionViewController.swift */; };
		4FE8BC1720EF1814009BA2BB /* SatViewController.swift in Sources */ = {isa = PBXBuildFile; fileRef = 4FE8BC1620EF1814009BA2BB /* SatViewController.swift */; };
		88DFD146F81F3DF0CE2D21FA /* Pods_CansappUITests.framework in Frameworks */ = {isa = PBXBuildFile; fileRef = E10DAAC0D8EE9B29FE3E6FED /* Pods_CansappUITests.framework */; };
		BEBB18BC4B3E11C473BA031F /* Pods_CansappTests.framework in Frameworks */ = {isa = PBXBuildFile; fileRef = B1DDC50B311D8BB6BD67670D /* Pods_CansappTests.framework */; };
		BEF17592D85E76B85A18F112 /* Pods_Cansapp.framework in Frameworks */ = {isa = PBXBuildFile; fileRef = 190E02B6F81770F7D73F999E /* Pods_Cansapp.framework */; };
		E122406020F519B4005A8B94 /* ProjViewController.swift in Sources */ = {isa = PBXBuildFile; fileRef = E122405F20F519B4005A8B94 /* ProjViewController.swift */; };
		E122406220F52A35005A8B94 /* TempViewController.swift in Sources */ = {isa = PBXBuildFile; fileRef = E122406120F52A35005A8B94 /* TempViewController.swift */; };
		E122406420F52A49005A8B94 /* PressureViewController.swift in Sources */ = {isa = PBXBuildFile; fileRef = E122406320F52A49005A8B94 /* PressureViewController.swift */; };
		E122406620F52A63005A8B94 /* OrientationViewController.swift in Sources */ = {isa = PBXBuildFile; fileRef = E122406520F52A63005A8B94 /* OrientationViewController.swift */; };
		E122406820F52A78005A8B94 /* HeightViewController.swift in Sources */ = {isa = PBXBuildFile; fileRef = E122406720F52A78005A8B94 /* HeightViewController.swift */; };
/* End PBXBuildFile section */

/* Begin PBXContainerItemProxy section */
		4A2E6C5020E7FFB2001F404B /* PBXContainerItemProxy */ = {
			isa = PBXContainerItemProxy;
			containerPortal = 4A2E6C3320E7FFB0001F404B /* Project object */;
			proxyType = 1;
			remoteGlobalIDString = 4A2E6C3A20E7FFB0001F404B;
			remoteInfo = Cansapp;
		};
		4A2E6C5B20E7FFB2001F404B /* PBXContainerItemProxy */ = {
			isa = PBXContainerItemProxy;
			containerPortal = 4A2E6C3320E7FFB0001F404B /* Project object */;
			proxyType = 1;
			remoteGlobalIDString = 4A2E6C3A20E7FFB0001F404B;
			remoteInfo = Cansapp;
		};
/* End PBXContainerItemProxy section */

/* Begin PBXCopyFilesBuildPhase section */
		E1CA0BE720FE6BEF0030114C /* Embed Frameworks */ = {
			isa = PBXCopyFilesBuildPhase;
			buildActionMask = 2147483647;
			dstPath = "";
			dstSubfolderSpec = 10;
			files = (
			);
			name = "Embed Frameworks";
			runOnlyForDeploymentPostprocessing = 0;
		};
		E1CA0BF920FE6D970030114C /* Embed PlugIns */ = {
			isa = PBXCopyFilesBuildPhase;
			buildActionMask = 2147483647;
			dstPath = "";
			dstSubfolderSpec = 13;
			files = (
			);
			name = "Embed PlugIns";
			runOnlyForDeploymentPostprocessing = 0;
		};
/* End PBXCopyFilesBuildPhase section */

/* Begin PBXFileReference section */
		0C288702F506F120D1C88829 /* Pods-CansappUITests.debug.xcconfig */ = {isa = PBXFileReference; includeInIndex = 1; lastKnownFileType = text.xcconfig; name = "Pods-CansappUITests.debug.xcconfig"; path = "Pods/Target Support Files/Pods-CansappUITests/Pods-CansappUITests.debug.xcconfig"; sourceTree = "<group>"; };
		190E02B6F81770F7D73F999E /* Pods_Cansapp.framework */ = {isa = PBXFileReference; explicitFileType = wrapper.framework; includeInIndex = 0; path = Pods_Cansapp.framework; sourceTree = BUILT_PRODUCTS_DIR; };
		4A2E6C3B20E7FFB0001F404B /* Cansapp.app */ = {isa = PBXFileReference; explicitFileType = wrapper.application; includeInIndex = 0; path = Cansapp.app; sourceTree = BUILT_PRODUCTS_DIR; };
		4A2E6C3E20E7FFB0001F404B /* AppDelegate.swift */ = {isa = PBXFileReference; lastKnownFileType = sourcecode.swift; path = AppDelegate.swift; sourceTree = "<group>"; };
		4A2E6C4020E7FFB0001F404B /* ViewController.swift */ = {isa = PBXFileReference; lastKnownFileType = sourcecode.swift; path = ViewController.swift; sourceTree = "<group>"; };
		4A2E6C4520E7FFB2001F404B /* Assets.xcassets */ = {isa = PBXFileReference; lastKnownFileType = folder.assetcatalog; path = Assets.xcassets; sourceTree = "<group>"; };
		4A2E6C4820E7FFB2001F404B /* Base */ = {isa = PBXFileReference; lastKnownFileType = file.storyboard; name = Base; path = Base.lproj/LaunchScreen.storyboard; sourceTree = "<group>"; };
		4A2E6C4A20E7FFB2001F404B /* Info.plist */ = {isa = PBXFileReference; lastKnownFileType = text.plist.xml; path = Info.plist; sourceTree = "<group>"; };
		4A2E6C4F20E7FFB2001F404B /* CansappTests.xctest */ = {isa = PBXFileReference; explicitFileType = wrapper.cfbundle; includeInIndex = 0; path = CansappTests.xctest; sourceTree = BUILT_PRODUCTS_DIR; };
		4A2E6C5320E7FFB2001F404B /* CansappTests.swift */ = {isa = PBXFileReference; lastKnownFileType = sourcecode.swift; path = CansappTests.swift; sourceTree = "<group>"; };
		4A2E6C5520E7FFB2001F404B /* Info.plist */ = {isa = PBXFileReference; lastKnownFileType = text.plist.xml; path = Info.plist; sourceTree = "<group>"; };
		4A2E6C5A20E7FFB2001F404B /* CansappUITests.xctest */ = {isa = PBXFileReference; explicitFileType = wrapper.cfbundle; includeInIndex = 0; path = CansappUITests.xctest; sourceTree = BUILT_PRODUCTS_DIR; };
		4A2E6C5E20E7FFB2001F404B /* CansappUITests.swift */ = {isa = PBXFileReference; lastKnownFileType = sourcecode.swift; path = CansappUITests.swift; sourceTree = "<group>"; };
		4A2E6C6020E7FFB2001F404B /* Info.plist */ = {isa = PBXFileReference; lastKnownFileType = text.plist.xml; path = Info.plist; sourceTree = "<group>"; };
		4FE8BC1420EF134E009BA2BB /* MissionViewController.swift */ = {isa = PBXFileReference; lastKnownFileType = sourcecode.swift; path = MissionViewController.swift; sourceTree = "<group>"; };
		4FE8BC1620EF1814009BA2BB /* SatViewController.swift */ = {isa = PBXFileReference; lastKnownFileType = sourcecode.swift; path = SatViewController.swift; sourceTree = "<group>"; };
		73D66EF6B072F8138011B79B /* Pods-CansappTests.debug.xcconfig */ = {isa = PBXFileReference; includeInIndex = 1; lastKnownFileType = text.xcconfig; name = "Pods-CansappTests.debug.xcconfig"; path = "Pods/Target Support Files/Pods-CansappTests/Pods-CansappTests.debug.xcconfig"; sourceTree = "<group>"; };
		796AE82EB9F9A4D2B7450037 /* Pods-CansappUITests.release.xcconfig */ = {isa = PBXFileReference; includeInIndex = 1; lastKnownFileType = text.xcconfig; name = "Pods-CansappUITests.release.xcconfig"; path = "Pods/Target Support Files/Pods-CansappUITests/Pods-CansappUITests.release.xcconfig"; sourceTree = "<group>"; };
		894132CD0F4962E4E5A5F21B /* Pods-Cansapp.release.xcconfig */ = {isa = PBXFileReference; includeInIndex = 1; lastKnownFileType = text.xcconfig; name = "Pods-Cansapp.release.xcconfig"; path = "Pods/Target Support Files/Pods-Cansapp/Pods-Cansapp.release.xcconfig"; sourceTree = "<group>"; };
		B1DDC50B311D8BB6BD67670D /* Pods_CansappTests.framework */ = {isa = PBXFileReference; explicitFileType = wrapper.framework; includeInIndex = 0; path = Pods_CansappTests.framework; sourceTree = BUILT_PRODUCTS_DIR; };
		D1DCA0F283F98084709E0C3D /* Pods-CansappTests.release.xcconfig */ = {isa = PBXFileReference; includeInIndex = 1; lastKnownFileType = text.xcconfig; name = "Pods-CansappTests.release.xcconfig"; path = "Pods/Target Support Files/Pods-CansappTests/Pods-CansappTests.release.xcconfig"; sourceTree = "<group>"; };
		D72B865397B3BE4580CE97DC /* Pods-Cansapp.debug.xcconfig */ = {isa = PBXFileReference; includeInIndex = 1; lastKnownFileType = text.xcconfig; name = "Pods-Cansapp.debug.xcconfig"; path = "Pods/Target Support Files/Pods-Cansapp/Pods-Cansapp.debug.xcconfig"; sourceTree = "<group>"; };
		E10DAAC0D8EE9B29FE3E6FED /* Pods_CansappUITests.framework */ = {isa = PBXFileReference; explicitFileType = wrapper.framework; includeInIndex = 0; path = Pods_CansappUITests.framework; sourceTree = BUILT_PRODUCTS_DIR; };
		E122405F20F519B4005A8B94 /* ProjViewController.swift */ = {isa = PBXFileReference; lastKnownFileType = sourcecode.swift; path = ProjViewController.swift; sourceTree = "<group>"; };
		E122406120F52A35005A8B94 /* TempViewController.swift */ = {isa = PBXFileReference; lastKnownFileType = sourcecode.swift; path = TempViewController.swift; sourceTree = "<group>"; };
		E122406320F52A49005A8B94 /* PressureViewController.swift */ = {isa = PBXFileReference; lastKnownFileType = sourcecode.swift; path = PressureViewController.swift; sourceTree = "<group>"; };
		E122406520F52A63005A8B94 /* OrientationViewController.swift */ = {isa = PBXFileReference; lastKnownFileType = sourcecode.swift; path = OrientationViewController.swift; sourceTree = "<group>"; };
		E122406720F52A78005A8B94 /* HeightViewController.swift */ = {isa = PBXFileReference; lastKnownFileType = sourcecode.swift; path = HeightViewController.swift; sourceTree = "<group>"; };
/* End PBXFileReference section */

/* Begin PBXFrameworksBuildPhase section */
		4A2E6C3820E7FFB0001F404B /* Frameworks */ = {
			isa = PBXFrameworksBuildPhase;
			buildActionMask = 2147483647;
			files = (
				BEF17592D85E76B85A18F112 /* Pods_Cansapp.framework in Frameworks */,
			);
			runOnlyForDeploymentPostprocessing = 0;
		};
		4A2E6C4C20E7FFB2001F404B /* Frameworks */ = {
			isa = PBXFrameworksBuildPhase;
			buildActionMask = 2147483647;
			files = (
				BEBB18BC4B3E11C473BA031F /* Pods_CansappTests.framework in Frameworks */,
			);
			runOnlyForDeploymentPostprocessing = 0;
		};
		4A2E6C5720E7FFB2001F404B /* Frameworks */ = {
			isa = PBXFrameworksBuildPhase;
			buildActionMask = 2147483647;
			files = (
				88DFD146F81F3DF0CE2D21FA /* Pods_CansappUITests.framework in Frameworks */,
			);
			runOnlyForDeploymentPostprocessing = 0;
		};
/* End PBXFrameworksBuildPhase section */

/* Begin PBXGroup section */
		20CF3CA050E6112E60D01528 /* Pods */ = {
			isa = PBXGroup;
			children = (
				D72B865397B3BE4580CE97DC /* Pods-Cansapp.debug.xcconfig */,
				894132CD0F4962E4E5A5F21B /* Pods-Cansapp.release.xcconfig */,
				73D66EF6B072F8138011B79B /* Pods-CansappTests.debug.xcconfig */,
				D1DCA0F283F98084709E0C3D /* Pods-CansappTests.release.xcconfig */,
				0C288702F506F120D1C88829 /* Pods-CansappUITests.debug.xcconfig */,
				796AE82EB9F9A4D2B7450037 /* Pods-CansappUITests.release.xcconfig */,
			);
			name = Pods;
			sourceTree = "<group>";
		};
		2C209BD2414D491294B531D5 /* Frameworks */ = {
			isa = PBXGroup;
			children = (
				190E02B6F81770F7D73F999E /* Pods_Cansapp.framework */,
				B1DDC50B311D8BB6BD67670D /* Pods_CansappTests.framework */,
				E10DAAC0D8EE9B29FE3E6FED /* Pods_CansappUITests.framework */,
			);
			name = Frameworks;
			sourceTree = "<group>";
		};
		4A2E6C3220E7FFB0001F404B = {
			isa = PBXGroup;
			children = (
				4A2E6C3D20E7FFB0001F404B /* Cansapp */,
				4A2E6C5220E7FFB2001F404B /* CansappTests */,
				4A2E6C5D20E7FFB2001F404B /* CansappUITests */,
				4A2E6C3C20E7FFB0001F404B /* Products */,
				20CF3CA050E6112E60D01528 /* Pods */,
				2C209BD2414D491294B531D5 /* Frameworks */,
			);
			sourceTree = "<group>";
		};
		4A2E6C3C20E7FFB0001F404B /* Products */ = {
			isa = PBXGroup;
			children = (
				4A2E6C3B20E7FFB0001F404B /* Cansapp.app */,
				4A2E6C4F20E7FFB2001F404B /* CansappTests.xctest */,
				4A2E6C5A20E7FFB2001F404B /* CansappUITests.xctest */,
			);
			name = Products;
			sourceTree = "<group>";
		};
		4A2E6C3D20E7FFB0001F404B /* Cansapp */ = {
			isa = PBXGroup;
			children = (
				4FE8BC1320EF0215009BA2BB /* Controllers */,
				4A2E6C3E20E7FFB0001F404B /* AppDelegate.swift */,
				4A2E6C4520E7FFB2001F404B /* Assets.xcassets */,
				4A2E6C4720E7FFB2001F404B /* LaunchScreen.storyboard */,
				4A2E6C4A20E7FFB2001F404B /* Info.plist */,
			);
			path = Cansapp;
			sourceTree = "<group>";
		};
		4A2E6C5220E7FFB2001F404B /* CansappTests */ = {
			isa = PBXGroup;
			children = (
				4A2E6C5320E7FFB2001F404B /* CansappTests.swift */,
				4A2E6C5520E7FFB2001F404B /* Info.plist */,
			);
			path = CansappTests;
			sourceTree = "<group>";
		};
		4A2E6C5D20E7FFB2001F404B /* CansappUITests */ = {
			isa = PBXGroup;
			children = (
				4A2E6C5E20E7FFB2001F404B /* CansappUITests.swift */,
				4A2E6C6020E7FFB2001F404B /* Info.plist */,
			);
			path = CansappUITests;
			sourceTree = "<group>";
		};
		4FE8BC1320EF0215009BA2BB /* Controllers */ = {
			isa = PBXGroup;
			children = (
				4A2E6C4020E7FFB0001F404B /* ViewController.swift */,
				4FE8BC1420EF134E009BA2BB /* MissionViewController.swift */,
				E122405F20F519B4005A8B94 /* ProjViewController.swift */,
				4FE8BC1620EF1814009BA2BB /* SatViewController.swift */,
				E122406120F52A35005A8B94 /* TempViewController.swift */,
				E122406320F52A49005A8B94 /* PressureViewController.swift */,
				E122406520F52A63005A8B94 /* OrientationViewController.swift */,
				E122406720F52A78005A8B94 /* HeightViewController.swift */,
			);
			path = Controllers;
			sourceTree = "<group>";
		};
/* End PBXGroup section */

/* Begin PBXNativeTarget section */
		4A2E6C3A20E7FFB0001F404B /* Cansapp */ = {
			isa = PBXNativeTarget;
			buildConfigurationList = 4A2E6C6320E7FFB2001F404B /* Build configuration list for PBXNativeTarget "Cansapp" */;
			buildPhases = (
				195898CC2131AAB4F15657B1 /* [CP] Check Pods Manifest.lock */,
				4A2E6C3720E7FFB0001F404B /* Sources */,
				4A2E6C3820E7FFB0001F404B /* Frameworks */,
				4A2E6C3920E7FFB0001F404B /* Resources */,
				E1CA0BE720FE6BEF0030114C /* Embed Frameworks */,
				E1CA0BF920FE6D970030114C /* Embed PlugIns */,
				E6AAEC6205E3B9385CD984DD /* [CP] Embed Pods Frameworks */,
			);
			buildRules = (
			);
			dependencies = (
			);
			name = Cansapp;
			productName = Cansapp;
			productReference = 4A2E6C3B20E7FFB0001F404B /* Cansapp.app */;
			productType = "com.apple.product-type.application";
		};
		4A2E6C4E20E7FFB2001F404B /* CansappTests */ = {
			isa = PBXNativeTarget;
			buildConfigurationList = 4A2E6C6620E7FFB2001F404B /* Build configuration list for PBXNativeTarget "CansappTests" */;
			buildPhases = (
				5B861F8F6AD4BF6FB8CB695A /* [CP] Check Pods Manifest.lock */,
				4A2E6C4B20E7FFB2001F404B /* Sources */,
				4A2E6C4C20E7FFB2001F404B /* Frameworks */,
				4A2E6C4D20E7FFB2001F404B /* Resources */,
			);
			buildRules = (
			);
			dependencies = (
				4A2E6C5120E7FFB2001F404B /* PBXTargetDependency */,
			);
			name = CansappTests;
			productName = CansappTests;
			productReference = 4A2E6C4F20E7FFB2001F404B /* CansappTests.xctest */;
			productType = "com.apple.product-type.bundle.unit-test";
		};
		4A2E6C5920E7FFB2001F404B /* CansappUITests */ = {
			isa = PBXNativeTarget;
			buildConfigurationList = 4A2E6C6920E7FFB2001F404B /* Build configuration list for PBXNativeTarget "CansappUITests" */;
			buildPhases = (
				5A071C7586DB2FF939C23989 /* [CP] Check Pods Manifest.lock */,
				4A2E6C5620E7FFB2001F404B /* Sources */,
				4A2E6C5720E7FFB2001F404B /* Frameworks */,
				4A2E6C5820E7FFB2001F404B /* Resources */,
			);
			buildRules = (
			);
			dependencies = (
				4A2E6C5C20E7FFB2001F404B /* PBXTargetDependency */,
			);
			name = CansappUITests;
			productName = CansappUITests;
			productReference = 4A2E6C5A20E7FFB2001F404B /* CansappUITests.xctest */;
			productType = "com.apple.product-type.bundle.ui-testing";
		};
/* End PBXNativeTarget section */

/* Begin PBXProject section */
		4A2E6C3320E7FFB0001F404B /* Project object */ = {
			isa = PBXProject;
			attributes = {
				LastSwiftUpdateCheck = 0940;
				LastUpgradeCheck = 0940;
				ORGANIZATIONNAME = d182_fernando_r;
				TargetAttributes = {
					4A2E6C3A20E7FFB0001F404B = {
						CreatedOnToolsVersion = 9.4.1;
					};
					4A2E6C4E20E7FFB2001F404B = {
						CreatedOnToolsVersion = 9.4.1;
						TestTargetID = 4A2E6C3A20E7FFB0001F404B;
					};
					4A2E6C5920E7FFB2001F404B = {
						CreatedOnToolsVersion = 9.4.1;
						TestTargetID = 4A2E6C3A20E7FFB0001F404B;
					};
				};
			};
			buildConfigurationList = 4A2E6C3620E7FFB0001F404B /* Build configuration list for PBXProject "Cansapp" */;
			compatibilityVersion = "Xcode 9.3";
			developmentRegion = en;
			hasScannedForEncodings = 0;
			knownRegions = (
				en,
				Base,
			);
			mainGroup = 4A2E6C3220E7FFB0001F404B;
			productRefGroup = 4A2E6C3C20E7FFB0001F404B /* Products */;
			projectDirPath = "";
			projectRoot = "";
			targets = (
				4A2E6C3A20E7FFB0001F404B /* Cansapp */,
				4A2E6C4E20E7FFB2001F404B /* CansappTests */,
				4A2E6C5920E7FFB2001F404B /* CansappUITests */,
			);
		};
/* End PBXProject section */

/* Begin PBXResourcesBuildPhase section */
		4A2E6C3920E7FFB0001F404B /* Resources */ = {
			isa = PBXResourcesBuildPhase;
			buildActionMask = 2147483647;
			files = (
				4A2E6C4920E7FFB2001F404B /* LaunchScreen.storyboard in Resources */,
				4A2E6C4620E7FFB2001F404B /* Assets.xcassets in Resources */,
			);
			runOnlyForDeploymentPostprocessing = 0;
		};
		4A2E6C4D20E7FFB2001F404B /* Resources */ = {
			isa = PBXResourcesBuildPhase;
			buildActionMask = 2147483647;
			files = (
			);
			runOnlyForDeploymentPostprocessing = 0;
		};
		4A2E6C5820E7FFB2001F404B /* Resources */ = {
			isa = PBXResourcesBuildPhase;
			buildActionMask = 2147483647;
			files = (
			);
			runOnlyForDeploymentPostprocessing = 0;
		};
/* End PBXResourcesBuildPhase section */

/* Begin PBXShellScriptBuildPhase section */
		195898CC2131AAB4F15657B1 /* [CP] Check Pods Manifest.lock */ = {
			isa = PBXShellScriptBuildPhase;
			buildActionMask = 2147483647;
			files = (
			);
			inputPaths = (
				"${PODS_PODFILE_DIR_PATH}/Podfile.lock",
				"${PODS_ROOT}/Manifest.lock",
			);
			name = "[CP] Check Pods Manifest.lock";
			outputPaths = (
				"$(DERIVED_FILE_DIR)/Pods-Cansapp-checkManifestLockResult.txt",
			);
			runOnlyForDeploymentPostprocessing = 0;
			shellPath = /bin/sh;
			shellScript = "diff \"${PODS_PODFILE_DIR_PATH}/Podfile.lock\" \"${PODS_ROOT}/Manifest.lock\" > /dev/null\nif [ $? != 0 ] ; then\n    # print error to STDERR\n    echo \"error: The sandbox is not in sync with the Podfile.lock. Run 'pod install' or update your CocoaPods installation.\" >&2\n    exit 1\nfi\n# This output is used by Xcode 'outputs' to avoid re-running this script phase.\necho \"SUCCESS\" > \"${SCRIPT_OUTPUT_FILE_0}\"\n";
			showEnvVarsInLog = 0;
		};
		5A071C7586DB2FF939C23989 /* [CP] Check Pods Manifest.lock */ = {
			isa = PBXShellScriptBuildPhase;
			buildActionMask = 2147483647;
			files = (
			);
			inputPaths = (
				"${PODS_PODFILE_DIR_PATH}/Podfile.lock",
				"${PODS_ROOT}/Manifest.lock",
			);
			name = "[CP] Check Pods Manifest.lock";
			outputPaths = (
				"$(DERIVED_FILE_DIR)/Pods-CansappUITests-checkManifestLockResult.txt",
			);
			runOnlyForDeploymentPostprocessing = 0;
			shellPath = /bin/sh;
			shellScript = "diff \"${PODS_PODFILE_DIR_PATH}/Podfile.lock\" \"${PODS_ROOT}/Manifest.lock\" > /dev/null\nif [ $? != 0 ] ; then\n    # print error to STDERR\n    echo \"error: The sandbox is not in sync with the Podfile.lock. Run 'pod install' or update your CocoaPods installation.\" >&2\n    exit 1\nfi\n# This output is used by Xcode 'outputs' to avoid re-running this script phase.\necho \"SUCCESS\" > \"${SCRIPT_OUTPUT_FILE_0}\"\n";
			showEnvVarsInLog = 0;
		};
		5B861F8F6AD4BF6FB8CB695A /* [CP] Check Pods Manifest.lock */ = {
			isa = PBXShellScriptBuildPhase;
			buildActionMask = 2147483647;
			files = (
			);
			inputPaths = (
				"${PODS_PODFILE_DIR_PATH}/Podfile.lock",
				"${PODS_ROOT}/Manifest.lock",
			);
			name = "[CP] Check Pods Manifest.lock";
			outputPaths = (
				"$(DERIVED_FILE_DIR)/Pods-CansappTests-checkManifestLockResult.txt",
			);
			runOnlyForDeploymentPostprocessing = 0;
			shellPath = /bin/sh;
			shellScript = "diff \"${PODS_PODFILE_DIR_PATH}/Podfile.lock\" \"${PODS_ROOT}/Manifest.lock\" > /dev/null\nif [ $? != 0 ] ; then\n    # print error to STDERR\n    echo \"error: The sandbox is not in sync with the Podfile.lock. Run 'pod install' or update your CocoaPods installation.\" >&2\n    exit 1\nfi\n# This output is used by Xcode 'outputs' to avoid re-running this script phase.\necho \"SUCCESS\" > \"${SCRIPT_OUTPUT_FILE_0}\"\n";
			showEnvVarsInLog = 0;
		};
		E6AAEC6205E3B9385CD984DD /* [CP] Embed Pods Frameworks */ = {
			isa = PBXShellScriptBuildPhase;
			buildActionMask = 2147483647;
			files = (
			);
			inputPaths = (
				"${SRCROOT}/Pods/Target Support Files/Pods-Cansapp/Pods-Cansapp-frameworks.sh",
				"${BUILT_PRODUCTS_DIR}/Charts/Charts.framework",
			);
			name = "[CP] Embed Pods Frameworks";
			outputPaths = (
				"${TARGET_BUILD_DIR}/${FRAMEWORKS_FOLDER_PATH}/Charts.framework",
			);
			runOnlyForDeploymentPostprocessing = 0;
			shellPath = /bin/sh;
			shellScript = "\"${SRCROOT}/Pods/Target Support Files/Pods-Cansapp/Pods-Cansapp-frameworks.sh\"\n";
			showEnvVarsInLog = 0;
		};
/* End PBXShellScriptBuildPhase section */

/* Begin PBXSourcesBuildPhase section */
		4A2E6C3720E7FFB0001F404B /* Sources */ = {
			isa = PBXSourcesBuildPhase;
			buildActionMask = 2147483647;
			files = (
				4FE8BC1520EF134E009BA2BB /* MissionViewController.swift in Sources */,
				4FE8BC1720EF1814009BA2BB /* SatViewController.swift in Sources */,
				E122406820F52A78005A8B94 /* HeightViewController.swift in Sources */,
				E122406220F52A35005A8B94 /* TempViewController.swift in Sources */,
				4A2E6C4120E7FFB0001F404B /* ViewController.swift in Sources */,
				E122406020F519B4005A8B94 /* ProjViewController.swift in Sources */,
				E122406620F52A63005A8B94 /* OrientationViewController.swift in Sources */,
				E122406420F52A49005A8B94 /* PressureViewController.swift in Sources */,
				4A2E6C3F20E7FFB0001F404B /* AppDelegate.swift in Sources */,
			);
			runOnlyForDeploymentPostprocessing = 0;
		};
		4A2E6C4B20E7FFB2001F404B /* Sources */ = {
			isa = PBXSourcesBuildPhase;
			buildActionMask = 2147483647;
			files = (
				4A2E6C5420E7FFB2001F404B /* CansappTests.swift in Sources */,
			);
			runOnlyForDeploymentPostprocessing = 0;
		};
		4A2E6C5620E7FFB2001F404B /* Sources */ = {
			isa = PBXSourcesBuildPhase;
			buildActionMask = 2147483647;
			files = (
				4A2E6C5F20E7FFB2001F404B /* CansappUITests.swift in Sources */,
			);
			runOnlyForDeploymentPostprocessing = 0;
		};
/* End PBXSourcesBuildPhase section */

/* Begin PBXTargetDependency section */
		4A2E6C5120E7FFB2001F404B /* PBXTargetDependency */ = {
			isa = PBXTargetDependency;
			target = 4A2E6C3A20E7FFB0001F404B /* Cansapp */;
			targetProxy = 4A2E6C5020E7FFB2001F404B /* PBXContainerItemProxy */;
		};
		4A2E6C5C20E7FFB2001F404B /* PBXTargetDependency */ = {
			isa = PBXTargetDependency;
			target = 4A2E6C3A20E7FFB0001F404B /* Cansapp */;
			targetProxy = 4A2E6C5B20E7FFB2001F404B /* PBXContainerItemProxy */;
		};
/* End PBXTargetDependency section */

/* Begin PBXVariantGroup section */
		4A2E6C4720E7FFB2001F404B /* LaunchScreen.storyboard */ = {
			isa = PBXVariantGroup;
			children = (
				4A2E6C4820E7FFB2001F404B /* Base */,
			);
			name = LaunchScreen.storyboard;
			sourceTree = "<group>";
		};
/* End PBXVariantGroup section */

/* Begin XCBuildConfiguration section */
		4A2E6C6120E7FFB2001F404B /* Debug */ = {
			isa = XCBuildConfiguration;
			buildSettings = {
				ALWAYS_EMBED_SWIFT_STANDARD_LIBRARIES = NO;
				ALWAYS_SEARCH_USER_PATHS = NO;
				CLANG_ANALYZER_NONNULL = YES;
				CLANG_ANALYZER_NUMBER_OBJECT_CONVERSION = YES_AGGRESSIVE;
				CLANG_CXX_LANGUAGE_STANDARD = "gnu++14";
				CLANG_CXX_LIBRARY = "libc++";
				CLANG_ENABLE_MODULES = YES;
				CLANG_ENABLE_OBJC_ARC = YES;
				CLANG_ENABLE_OBJC_WEAK = YES;
				CLANG_WARN_BLOCK_CAPTURE_AUTORELEASING = YES;
				CLANG_WARN_BOOL_CONVERSION = YES;
				CLANG_WARN_COMMA = YES;
				CLANG_WARN_CONSTANT_CONVERSION = YES;
				CLANG_WARN_DEPRECATED_OBJC_IMPLEMENTATIONS = YES;
				CLANG_WARN_DIRECT_OBJC_ISA_USAGE = YES_ERROR;
				CLANG_WARN_DOCUMENTATION_COMMENTS = YES;
				CLANG_WARN_EMPTY_BODY = YES;
				CLANG_WARN_ENUM_CONVERSION = YES;
				CLANG_WARN_INFINITE_RECURSION = YES;
				CLANG_WARN_INT_CONVERSION = YES;
				CLANG_WARN_NON_LITERAL_NULL_CONVERSION = YES;
				CLANG_WARN_OBJC_IMPLICIT_RETAIN_SELF = YES;
				CLANG_WARN_OBJC_LITERAL_CONVERSION = YES;
				CLANG_WARN_OBJC_ROOT_CLASS = YES_ERROR;
				CLANG_WARN_RANGE_LOOP_ANALYSIS = YES;
				CLANG_WARN_STRICT_PROTOTYPES = YES;
				CLANG_WARN_SUSPICIOUS_MOVE = YES;
				CLANG_WARN_UNGUARDED_AVAILABILITY = YES_AGGRESSIVE;
				CLANG_WARN_UNREACHABLE_CODE = YES;
				CLANG_WARN__DUPLICATE_METHOD_MATCH = YES;
				CODE_SIGN_IDENTITY = "iPhone Developer";
				COPY_PHASE_STRIP = NO;
				DEBUG_INFORMATION_FORMAT = dwarf;
				ENABLE_STRICT_OBJC_MSGSEND = YES;
				ENABLE_TESTABILITY = YES;
				GCC_C_LANGUAGE_STANDARD = gnu11;
				GCC_DYNAMIC_NO_PIC = NO;
				GCC_NO_COMMON_BLOCKS = YES;
				GCC_OPTIMIZATION_LEVEL = 0;
				GCC_PREPROCESSOR_DEFINITIONS = (
					"DEBUG=1",
					"$(inherited)",
				);
				GCC_WARN_64_TO_32_BIT_CONVERSION = YES;
				GCC_WARN_ABOUT_RETURN_TYPE = YES_ERROR;
				GCC_WARN_UNDECLARED_SELECTOR = YES;
				GCC_WARN_UNINITIALIZED_AUTOS = YES_AGGRESSIVE;
				GCC_WARN_UNUSED_FUNCTION = YES;
				GCC_WARN_UNUSED_VARIABLE = YES;
				IPHONEOS_DEPLOYMENT_TARGET = 11.4;
				MTL_ENABLE_DEBUG_INFO = YES;
				ONLY_ACTIVE_ARCH = YES;
				SDKROOT = iphoneos;
				SWIFT_ACTIVE_COMPILATION_CONDITIONS = DEBUG;
				SWIFT_OPTIMIZATION_LEVEL = "-Onone";
			};
			name = Debug;
		};
		4A2E6C6220E7FFB2001F404B /* Release */ = {
			isa = XCBuildConfiguration;
			buildSettings = {
				ALWAYS_EMBED_SWIFT_STANDARD_LIBRARIES = NO;
				ALWAYS_SEARCH_USER_PATHS = NO;
				CLANG_ANALYZER_NONNULL = YES;
				CLANG_ANALYZER_NUMBER_OBJECT_CONVERSION = YES_AGGRESSIVE;
				CLANG_CXX_LANGUAGE_STANDARD = "gnu++14";
				CLANG_CXX_LIBRARY = "libc++";
				CLANG_ENABLE_MODULES = YES;
				CLANG_ENABLE_OBJC_ARC = YES;
				CLANG_ENABLE_OBJC_WEAK = YES;
				CLANG_WARN_BLOCK_CAPTURE_AUTORELEASING = YES;
				CLANG_WARN_BOOL_CONVERSION = YES;
				CLANG_WARN_COMMA = YES;
				CLANG_WARN_CONSTANT_CONVERSION = YES;
				CLANG_WARN_DEPRECATED_OBJC_IMPLEMENTATIONS = YES;
				CLANG_WARN_DIRECT_OBJC_ISA_USAGE = YES_ERROR;
				CLANG_WARN_DOCUMENTATION_COMMENTS = YES;
				CLANG_WARN_EMPTY_BODY = YES;
				CLANG_WARN_ENUM_CONVERSION = YES;
				CLANG_WARN_INFINITE_RECURSION = YES;
				CLANG_WARN_INT_CONVERSION = YES;
				CLANG_WARN_NON_LITERAL_NULL_CONVERSION = YES;
				CLANG_WARN_OBJC_IMPLICIT_RETAIN_SELF = YES;
				CLANG_WARN_OBJC_LITERAL_CONVERSION = YES;
				CLANG_WARN_OBJC_ROOT_CLASS = YES_ERROR;
				CLANG_WARN_RANGE_LOOP_ANALYSIS = YES;
				CLANG_WARN_STRICT_PROTOTYPES = YES;
				CLANG_WARN_SUSPICIOUS_MOVE = YES;
				CLANG_WARN_UNGUARDED_AVAILABILITY = YES_AGGRESSIVE;
				CLANG_WARN_UNREACHABLE_CODE = YES;
				CLANG_WARN__DUPLICATE_METHOD_MATCH = YES;
				CODE_SIGN_IDENTITY = "iPhone Developer";
				COPY_PHASE_STRIP = NO;
				DEBUG_INFORMATION_FORMAT = "dwarf-with-dsym";
				ENABLE_NS_ASSERTIONS = NO;
				ENABLE_STRICT_OBJC_MSGSEND = YES;
				GCC_C_LANGUAGE_STANDARD = gnu11;
				GCC_NO_COMMON_BLOCKS = YES;
				GCC_WARN_64_TO_32_BIT_CONVERSION = YES;
				GCC_WARN_ABOUT_RETURN_TYPE = YES_ERROR;
				GCC_WARN_UNDECLARED_SELECTOR = YES;
				GCC_WARN_UNINITIALIZED_AUTOS = YES_AGGRESSIVE;
				GCC_WARN_UNUSED_FUNCTION = YES;
				GCC_WARN_UNUSED_VARIABLE = YES;
				IPHONEOS_DEPLOYMENT_TARGET = 11.4;
				MTL_ENABLE_DEBUG_INFO = NO;
				SDKROOT = iphoneos;
				SWIFT_COMPILATION_MODE = wholemodule;
				SWIFT_OPTIMIZATION_LEVEL = "-O";
				VALIDATE_PRODUCT = YES;
			};
			name = Release;
		};
		4A2E6C6420E7FFB2001F404B /* Debug */ = {
			isa = XCBuildConfiguration;
			baseConfigurationReference = D72B865397B3BE4580CE97DC /* Pods-Cansapp.debug.xcconfig */;
			buildSettings = {
				ALWAYS_EMBED_SWIFT_STANDARD_LIBRARIES = YES;
				ASSETCATALOG_COMPILER_APPICON_NAME = AppIcon;
				CODE_SIGN_STYLE = Automatic;
				INFOPLIST_FILE = Cansapp/Info.plist;
				IPHONEOS_DEPLOYMENT_TARGET = 11.0;
				LD_RUNPATH_SEARCH_PATHS = "$(inherited) @executable_path/Frameworks";
				PRODUCT_BUNDLE_IDENTIFIER = diplomado.Cansapp;
				PRODUCT_NAME = "$(TARGET_NAME)";
				SWIFT_VERSION = 4.0;
				TARGETED_DEVICE_FAMILY = "1,2";
			};
			name = Debug;
		};
		4A2E6C6520E7FFB2001F404B /* Release */ = {
			isa = XCBuildConfiguration;
			baseConfigurationReference = 894132CD0F4962E4E5A5F21B /* Pods-Cansapp.release.xcconfig */;
			buildSettings = {
				ALWAYS_EMBED_SWIFT_STANDARD_LIBRARIES = YES;
				ASSETCATALOG_COMPILER_APPICON_NAME = AppIcon;
				CODE_SIGN_STYLE = Automatic;
				INFOPLIST_FILE = Cansapp/Info.plist;
				IPHONEOS_DEPLOYMENT_TARGET = 11.0;
				LD_RUNPATH_SEARCH_PATHS = "$(inherited) @executable_path/Frameworks";
				PRODUCT_BUNDLE_IDENTIFIER = diplomado.Cansapp;
				PRODUCT_NAME = "$(TARGET_NAME)";
				SWIFT_VERSION = 4.0;
				TARGETED_DEVICE_FAMILY = "1,2";
			};
			name = Release;
		};
		4A2E6C6720E7FFB2001F404B /* Debug */ = {
			isa = XCBuildConfiguration;
			baseConfigurationReference = 73D66EF6B072F8138011B79B /* Pods-CansappTests.debug.xcconfig */;
			buildSettings = {
				ALWAYS_EMBED_SWIFT_STANDARD_LIBRARIES = YES;
				BUNDLE_LOADER = "$(TEST_HOST)";
				CODE_SIGN_STYLE = Automatic;
				INFOPLIST_FILE = CansappTests/Info.plist;
				IPHONEOS_DEPLOYMENT_TARGET = 8.0;
				LD_RUNPATH_SEARCH_PATHS = "$(inherited) @executable_path/Frameworks @loader_path/Frameworks";
				PRODUCT_BUNDLE_IDENTIFIER = diplomado.CansappTests;
				PRODUCT_NAME = "$(TARGET_NAME)";
				SWIFT_VERSION = 4.0;
				TARGETED_DEVICE_FAMILY = "1,2";
				TEST_HOST = "$(BUILT_PRODUCTS_DIR)/Cansapp.app/Cansapp";
			};
			name = Debug;
		};
		4A2E6C6820E7FFB2001F404B /* Release */ = {
			isa = XCBuildConfiguration;
			baseConfigurationReference = D1DCA0F283F98084709E0C3D /* Pods-CansappTests.release.xcconfig */;
			buildSettings = {
				ALWAYS_EMBED_SWIFT_STANDARD_LIBRARIES = YES;
				BUNDLE_LOADER = "$(TEST_HOST)";
				CODE_SIGN_STYLE = Automatic;
				INFOPLIST_FILE = CansappTests/Info.plist;
				IPHONEOS_DEPLOYMENT_TARGET = 8.0;
				LD_RUNPATH_SEARCH_PATHS = "$(inherited) @executable_path/Frameworks @loader_path/Frameworks";
				PRODUCT_BUNDLE_IDENTIFIER = diplomado.CansappTests;
				PRODUCT_NAME = "$(TARGET_NAME)";
				SWIFT_VERSION = 4.0;
				TARGETED_DEVICE_FAMILY = "1,2";
				TEST_HOST = "$(BUILT_PRODUCTS_DIR)/Cansapp.app/Cansapp";
			};
			name = Release;
		};
		4A2E6C6A20E7FFB2001F404B /* Debug */ = {
			isa = XCBuildConfiguration;
			baseConfigurationReference = 0C288702F506F120D1C88829 /* Pods-CansappUITests.debug.xcconfig */;
			buildSettings = {
				ALWAYS_EMBED_SWIFT_STANDARD_LIBRARIES = YES;
				CODE_SIGN_STYLE = Automatic;
				INFOPLIST_FILE = CansappUITests/Info.plist;
				IPHONEOS_DEPLOYMENT_TARGET = 8.0;
				LD_RUNPATH_SEARCH_PATHS = "$(inherited) @executable_path/Frameworks @loader_path/Frameworks";
				PRODUCT_BUNDLE_IDENTIFIER = diplomado.CansappUITests;
				PRODUCT_NAME = "$(TARGET_NAME)";
				SWIFT_VERSION = 4.0;
				TARGETED_DEVICE_FAMILY = "1,2";
				TEST_TARGET_NAME = Cansapp;
			};
			name = Debug;
		};
		4A2E6C6B20E7FFB2001F404B /* Release */ = {
			isa = XCBuildConfiguration;
			baseConfigurationReference = 796AE82EB9F9A4D2B7450037 /* Pods-CansappUITests.release.xcconfig */;
			buildSettings = {
				ALWAYS_EMBED_SWIFT_STANDARD_LIBRARIES = YES;
				CODE_SIGN_STYLE = Automatic;
				INFOPLIST_FILE = CansappUITests/Info.plist;
				IPHONEOS_DEPLOYMENT_TARGET = 8.0;
				LD_RUNPATH_SEARCH_PATHS = "$(inherited) @executable_path/Frameworks @loader_path/Frameworks";
				PRODUCT_BUNDLE_IDENTIFIER = diplomado.CansappUITests;
				PRODUCT_NAME = "$(TARGET_NAME)";
				SWIFT_VERSION = 4.0;
				TARGETED_DEVICE_FAMILY = "1,2";
				TEST_TARGET_NAME = Cansapp;
			};
			name = Release;
		};
/* End XCBuildConfiguration section */

/* Begin XCConfigurationList section */
		4A2E6C3620E7FFB0001F404B /* Build configuration list for PBXProject "Cansapp" */ = {
			isa = XCConfigurationList;
			buildConfigurations = (
				4A2E6C6120E7FFB2001F404B /* Debug */,
				4A2E6C6220E7FFB2001F404B /* Release */,
			);
			defaultConfigurationIsVisible = 0;
			defaultConfigurationName = Release;
		};
		4A2E6C6320E7FFB2001F404B /* Build configuration list for PBXNativeTarget "Cansapp" */ = {
			isa = XCConfigurationList;
			buildConfigurations = (
				4A2E6C6420E7FFB2001F404B /* Debug */,
				4A2E6C6520E7FFB2001F404B /* Release */,
			);
			defaultConfigurationIsVisible = 0;
			defaultConfigurationName = Release;
		};
		4A2E6C6620E7FFB2001F404B /* Build configuration list for PBXNativeTarget "CansappTests" */ = {
			isa = XCConfigurationList;
			buildConfigurations = (
				4A2E6C6720E7FFB2001F404B /* Debug */,
				4A2E6C6820E7FFB2001F404B /* Release */,
			);
			defaultConfigurationIsVisible = 0;
			defaultConfigurationName = Release;
		};
		4A2E6C6920E7FFB2001F404B /* Build configuration list for PBXNativeTarget "CansappUITests" */ = {
			isa = XCConfigurationList;
			buildConfigurations = (
				4A2E6C6A20E7FFB2001F404B /* Debug */,
				4A2E6C6B20E7FFB2001F404B /* Release */,
			);
			defaultConfigurationIsVisible = 0;
			defaultConfigurationName = Release;
		};
/* End XCConfigurationList section */
	};
	rootObject = 4A2E6C3320E7FFB0001F404B /* Project object */;
}
